
Microsoft Visual Studio Solution File, Format Version 12.00
# Visual Studio Version 16
VisualStudioVersion = 16.0.32602.291
MinimumVisualStudioVersion = 10.0.40219.1
Project("{9A19103F-16F7-4668-BE54-9A1E7A4F7556}") = "AlgorythmsTest", "Algorythms\AlgorythmsTest.csproj", "{0566FEC3-C3AE-49DC-B4AD-6536EEA81BD0}"
EndProject
Project("{FAE04EC0-301F-11D3-BF4B-00C04F79EFBC}") = "Algorithms", "Algorithms\Algorithms.csproj", "{4CD8A287-79A7-42E2-A125-ECED37B6991A}"
EndProject
Global
	GlobalSection(SolutionConfigurationPlatforms) = preSolution
		Debug|Any CPU = Debug|Any CPU
		Release|Any CPU = Release|Any CPU
	EndGlobalSection
	GlobalSection(ProjectConfigurationPlatforms) = postSolution
		{0566FEC3-C3AE-49DC-B4AD-6536EEA81BD0}.Debug|Any CPU.ActiveCfg = Debug|Any CPU
		{0566FEC3-C3AE-49DC-B4AD-6536EEA81BD0}.Debug|Any CPU.Build.0 = Debug|Any CPU
		{0566FEC3-C3AE-49DC-B4AD-6536EEA81BD0}.Release|Any CPU.ActiveCfg = Release|Any CPU
		{0566FEC3-C3AE-49DC-B4AD-6536EEA81BD0}.Release|Any CPU.Build.0 = Release|Any CPU
		{4CD8A287-79A7-42E2-A125-ECED37B6991A}.Debug|Any CPU.ActiveCfg = Debug|Any CPU
		{4CD8A287-79A7-42E2-A125-ECED37B6991A}.Debug|Any CPU.Build.0 = Debug|Any CPU
		{4CD8A287-79A7-42E2-A125-ECED37B6991A}.Release|Any CPU.ActiveCfg = Release|Any CPU
		{4CD8A287-79A7-42E2-A125-ECED37B6991A}.Release|Any CPU.Build.0 = Release|Any CPU
	EndGlobalSection
	GlobalSection(SolutionProperties) = preSolution
		HideSolutionNode = FALSE
	EndGlobalSection
	GlobalSection(ExtensibilityGlobals) = postSolution
		SolutionGuid = {9DDE1BEF-F274-4C51-85DA-4F9748A03D6B}
	EndGlobalSection
EndGlobal
